// !$*UTF8*$!
{
	archiveVersion = 1;
	classes = {
	};
	objectVersion = 46;
	objects = {

/* Begin PBXBuildFile section */
		2C53FE6D1CBB388300033505 /* AppDelegate.swift in Sources */ = {isa = PBXBuildFile; fileRef = 2C53FE6C1CBB388300033505 /* AppDelegate.swift */; };
		2C53FE6F1CBB388300033505 /* ViewController.swift in Sources */ = {isa = PBXBuildFile; fileRef = 2C53FE6E1CBB388300033505 /* ViewController.swift */; };
		2C53FE721CBB388300033505 /* Main.storyboard in Resources */ = {isa = PBXBuildFile; fileRef = 2C53FE701CBB388300033505 /* Main.storyboard */; };
		2C53FE741CBB388300033505 /* Assets.xcassets in Resources */ = {isa = PBXBuildFile; fileRef = 2C53FE731CBB388300033505 /* Assets.xcassets */; };
		2C53FE771CBB388300033505 /* LaunchScreen.storyboard in Resources */ = {isa = PBXBuildFile; fileRef = 2C53FE751CBB388300033505 /* LaunchScreen.storyboard */; };
		2C53FE821CBB388300033505 /* PocketCampusTests.swift in Sources */ = {isa = PBXBuildFile; fileRef = 2C53FE811CBB388300033505 /* PocketCampusTests.swift */; };
		2C53FE8D1CBB388300033505 /* PocketCampusUITests.swift in Sources */ = {isa = PBXBuildFile; fileRef = 2C53FE8C1CBB388300033505 /* PocketCampusUITests.swift */; };
		2C53FEA51CBB41BC00033505 /* Constant.swift in Sources */ = {isa = PBXBuildFile; fileRef = 2C53FEA41CBB41BC00033505 /* Constant.swift */; };
		2C53FEA81CBB557F00033505 /* Playground.storyboard in Resources */ = {isa = PBXBuildFile; fileRef = 2C53FEA61CBB557F00033505 /* Playground.storyboard */; };
		2C53FEAA1CBB55A400033505 /* Announcements.storyboard in Resources */ = {isa = PBXBuildFile; fileRef = 2C53FEA91CBB55A400033505 /* Announcements.storyboard */; };
/* End PBXBuildFile section */

/* Begin PBXContainerItemProxy section */
		2C53FE7E1CBB388300033505 /* PBXContainerItemProxy */ = {
			isa = PBXContainerItemProxy;
			containerPortal = 2C53FE611CBB388300033505 /* Project object */;
			proxyType = 1;
			remoteGlobalIDString = 2C53FE681CBB388300033505;
			remoteInfo = PocketCampus;
		};
		2C53FE891CBB388300033505 /* PBXContainerItemProxy */ = {
			isa = PBXContainerItemProxy;
			containerPortal = 2C53FE611CBB388300033505 /* Project object */;
			proxyType = 1;
			remoteGlobalIDString = 2C53FE681CBB388300033505;
			remoteInfo = PocketCampus;
		};
/* End PBXContainerItemProxy section */

/* Begin PBXFileReference section */
		2C53FE691CBB388300033505 /* PocketCampus.app */ = {isa = PBXFileReference; explicitFileType = wrapper.application; includeInIndex = 0; path = PocketCampus.app; sourceTree = BUILT_PRODUCTS_DIR; };
		2C53FE6C1CBB388300033505 /* AppDelegate.swift */ = {isa = PBXFileReference; lastKnownFileType = sourcecode.swift; path = AppDelegate.swift; sourceTree = "<group>"; };
		2C53FE6E1CBB388300033505 /* ViewController.swift */ = {isa = PBXFileReference; lastKnownFileType = sourcecode.swift; path = ViewController.swift; sourceTree = "<group>"; };
		2C53FE711CBB388300033505 /* Base */ = {isa = PBXFileReference; lastKnownFileType = file.storyboard; name = Base; path = Base.lproj/Main.storyboard; sourceTree = "<group>"; };
		2C53FE731CBB388300033505 /* Assets.xcassets */ = {isa = PBXFileReference; lastKnownFileType = folder.assetcatalog; path = Assets.xcassets; sourceTree = "<group>"; };
		2C53FE761CBB388300033505 /* Base */ = {isa = PBXFileReference; lastKnownFileType = file.storyboard; name = Base; path = Base.lproj/LaunchScreen.storyboard; sourceTree = "<group>"; };
		2C53FE781CBB388300033505 /* Info.plist */ = {isa = PBXFileReference; lastKnownFileType = text.plist.xml; path = Info.plist; sourceTree = "<group>"; };
		2C53FE7D1CBB388300033505 /* PocketCampusTests.xctest */ = {isa = PBXFileReference; explicitFileType = wrapper.cfbundle; includeInIndex = 0; path = PocketCampusTests.xctest; sourceTree = BUILT_PRODUCTS_DIR; };
		2C53FE811CBB388300033505 /* PocketCampusTests.swift */ = {isa = PBXFileReference; lastKnownFileType = sourcecode.swift; path = PocketCampusTests.swift; sourceTree = "<group>"; };
		2C53FE831CBB388300033505 /* Info.plist */ = {isa = PBXFileReference; lastKnownFileType = text.plist.xml; path = Info.plist; sourceTree = "<group>"; };
		2C53FE881CBB388300033505 /* PocketCampusUITests.xctest */ = {isa = PBXFileReference; explicitFileType = wrapper.cfbundle; includeInIndex = 0; path = PocketCampusUITests.xctest; sourceTree = BUILT_PRODUCTS_DIR; };
		2C53FE8C1CBB388300033505 /* PocketCampusUITests.swift */ = {isa = PBXFileReference; lastKnownFileType = sourcecode.swift; path = PocketCampusUITests.swift; sourceTree = "<group>"; };
		2C53FE8E1CBB388300033505 /* Info.plist */ = {isa = PBXFileReference; lastKnownFileType = text.plist.xml; path = Info.plist; sourceTree = "<group>"; };
		2C53FEA41CBB41BC00033505 /* Constant.swift */ = {isa = PBXFileReference; fileEncoding = 4; lastKnownFileType = sourcecode.swift; path = Constant.swift; sourceTree = "<group>"; };
		2C53FEA71CBB557F00033505 /* Base */ = {isa = PBXFileReference; lastKnownFileType = file.storyboard; name = Base; path = Base.lproj/Playground.storyboard; sourceTree = "<group>"; };
		2C53FEA91CBB55A400033505 /* Announcements.storyboard */ = {isa = PBXFileReference; fileEncoding = 4; lastKnownFileType = file.storyboard; path = Announcements.storyboard; sourceTree = "<group>"; };
/* End PBXFileReference section */

/* Begin PBXFrameworksBuildPhase section */
		2C53FE661CBB388300033505 /* Frameworks */ = {
			isa = PBXFrameworksBuildPhase;
			buildActionMask = 2147483647;
			files = (
			);
			runOnlyForDeploymentPostprocessing = 0;
		};
		2C53FE7A1CBB388300033505 /* Frameworks */ = {
			isa = PBXFrameworksBuildPhase;
			buildActionMask = 2147483647;
			files = (
			);
			runOnlyForDeploymentPostprocessing = 0;
		};
		2C53FE851CBB388300033505 /* Frameworks */ = {
			isa = PBXFrameworksBuildPhase;
			buildActionMask = 2147483647;
			files = (
			);
			runOnlyForDeploymentPostprocessing = 0;
		};
/* End PBXFrameworksBuildPhase section */

/* Begin PBXGroup section */
		2C53FE601CBB388300033505 = {
			isa = PBXGroup;
			children = (
				2C53FE6B1CBB388300033505 /* PocketCampus */,
				2C53FE801CBB388300033505 /* PocketCampusTests */,
				2C53FE8B1CBB388300033505 /* PocketCampusUITests */,
				2C53FE6A1CBB388300033505 /* Products */,
			);
			sourceTree = "<group>";
		};
		2C53FE6A1CBB388300033505 /* Products */ = {
			isa = PBXGroup;
			children = (
				2C53FE691CBB388300033505 /* PocketCampus.app */,
				2C53FE7D1CBB388300033505 /* PocketCampusTests.xctest */,
				2C53FE881CBB388300033505 /* PocketCampusUITests.xctest */,
			);
			name = Products;
			sourceTree = "<group>";
		};
		2C53FE6B1CBB388300033505 /* PocketCampus */ = {
			isa = PBXGroup;
			children = (
				2C53FEA41CBB41BC00033505 /* Constant.swift */,
				2C53FE6C1CBB388300033505 /* AppDelegate.swift */,
				2C53FE6E1CBB388300033505 /* ViewController.swift */,
				2C53FE701CBB388300033505 /* Main.storyboard */,
				2C53FEA91CBB55A400033505 /* Announcements.storyboard */,
				2C53FEA61CBB557F00033505 /* Playground.storyboard */,
				2C53FE731CBB388300033505 /* Assets.xcassets */,
				2C53FE751CBB388300033505 /* LaunchScreen.storyboard */,
				2C53FE781CBB388300033505 /* Info.plist */,
			);
			path = PocketCampus;
			sourceTree = "<group>";
		};
		2C53FE801CBB388300033505 /* PocketCampusTests */ = {
			isa = PBXGroup;
			children = (
				2C53FE811CBB388300033505 /* PocketCampusTests.swift */,
				2C53FE831CBB388300033505 /* Info.plist */,
			);
			path = PocketCampusTests;
			sourceTree = "<group>";
		};
		2C53FE8B1CBB388300033505 /* PocketCampusUITests */ = {
			isa = PBXGroup;
			children = (
				2C53FE8C1CBB388300033505 /* PocketCampusUITests.swift */,
				2C53FE8E1CBB388300033505 /* Info.plist */,
			);
			path = PocketCampusUITests;
			sourceTree = "<group>";
		};
/* End PBXGroup section */

/* Begin PBXNativeTarget section */
		2C53FE681CBB388300033505 /* PocketCampus */ = {
			isa = PBXNativeTarget;
			buildConfigurationList = 2C53FE911CBB388300033505 /* Build configuration list for PBXNativeTarget "PocketCampus" */;
			buildPhases = (
				2C53FE651CBB388300033505 /* Sources */,
				2C53FE661CBB388300033505 /* Frameworks */,
				2C53FE671CBB388300033505 /* Resources */,
			);
			buildRules = (
			);
			dependencies = (
			);
			name = PocketCampus;
			productName = PocketCampus;
			productReference = 2C53FE691CBB388300033505 /* PocketCampus.app */;
			productType = "com.apple.product-type.application";
		};
		2C53FE7C1CBB388300033505 /* PocketCampusTests */ = {
			isa = PBXNativeTarget;
			buildConfigurationList = 2C53FE941CBB388300033505 /* Build configuration list for PBXNativeTarget "PocketCampusTests" */;
			buildPhases = (
				2C53FE791CBB388300033505 /* Sources */,
				2C53FE7A1CBB388300033505 /* Frameworks */,
				2C53FE7B1CBB388300033505 /* Resources */,
			);
			buildRules = (
			);
			dependencies = (
				2C53FE7F1CBB388300033505 /* PBXTargetDependency */,
			);
			name = PocketCampusTests;
			productName = PocketCampusTests;
			productReference = 2C53FE7D1CBB388300033505 /* PocketCampusTests.xctest */;
			productType = "com.apple.product-type.bundle.unit-test";
		};
		2C53FE871CBB388300033505 /* PocketCampusUITests */ = {
			isa = PBXNativeTarget;
			buildConfigurationList = 2C53FE971CBB388300033505 /* Build configuration list for PBXNativeTarget "PocketCampusUITests" */;
			buildPhases = (
				2C53FE841CBB388300033505 /* Sources */,
				2C53FE851CBB388300033505 /* Frameworks */,
				2C53FE861CBB388300033505 /* Resources */,
			);
			buildRules = (
			);
			dependencies = (
				2C53FE8A1CBB388300033505 /* PBXTargetDependency */,
			);
			name = PocketCampusUITests;
			productName = PocketCampusUITests;
			productReference = 2C53FE881CBB388300033505 /* PocketCampusUITests.xctest */;
			productType = "com.apple.product-type.bundle.ui-testing";
		};
/* End PBXNativeTarget section */

/* Begin PBXProject section */
		2C53FE611CBB388300033505 /* Project object */ = {
			isa = PBXProject;
			attributes = {
				LastSwiftUpdateCheck = 0730;
				LastUpgradeCheck = 0730;
				ORGANIZATIONNAME = "罗浩伽";
				TargetAttributes = {
					2C53FE681CBB388300033505 = {
						CreatedOnToolsVersion = 7.3;
					};
					2C53FE7C1CBB388300033505 = {
						CreatedOnToolsVersion = 7.3;
						TestTargetID = 2C53FE681CBB388300033505;
					};
					2C53FE871CBB388300033505 = {
						CreatedOnToolsVersion = 7.3;
						TestTargetID = 2C53FE681CBB388300033505;
					};
				};
			};
			buildConfigurationList = 2C53FE641CBB388300033505 /* Build configuration list for PBXProject "PocketCampus" */;
			compatibilityVersion = "Xcode 3.2";
			developmentRegion = English;
			hasScannedForEncodings = 0;
			knownRegions = (
				en,
				Base,
			);
			mainGroup = 2C53FE601CBB388300033505;
			productRefGroup = 2C53FE6A1CBB388300033505 /* Products */;
			projectDirPath = "";
			projectRoot = "";
			targets = (
				2C53FE681CBB388300033505 /* PocketCampus */,
				2C53FE7C1CBB388300033505 /* PocketCampusTests */,
				2C53FE871CBB388300033505 /* PocketCampusUITests */,
			);
		};
/* End PBXProject section */

/* Begin PBXResourcesBuildPhase section */
		2C53FE671CBB388300033505 /* Resources */ = {
			isa = PBXResourcesBuildPhase;
			buildActionMask = 2147483647;
			files = (
				2C53FE771CBB388300033505 /* LaunchScreen.storyboard in Resources */,
				2C53FEA81CBB557F00033505 /* Playground.storyboard in Resources */,
				2C53FEAA1CBB55A400033505 /* Announcements.storyboard in Resources */,
				2C53FE741CBB388300033505 /* Assets.xcassets in Resources */,
				2C53FE721CBB388300033505 /* Main.storyboard in Resources */,
			);
			runOnlyForDeploymentPostprocessing = 0;
		};
		2C53FE7B1CBB388300033505 /* Resources */ = {
			isa = PBXResourcesBuildPhase;
			buildActionMask = 2147483647;
			files = (
			);
			runOnlyForDeploymentPostprocessing = 0;
		};
		2C53FE861CBB388300033505 /* Resources */ = {
			isa = PBXResourcesBuildPhase;
			buildActionMask = 2147483647;
			files = (
			);
			runOnlyForDeploymentPostprocessing = 0;
		};
/* End PBXResourcesBuildPhase section */

/* Begin PBXSourcesBuildPhase section */
		2C53FE651CBB388300033505 /* Sources */ = {
			isa = PBXSourcesBuildPhase;
			buildActionMask = 2147483647;
			files = (
				2C53FE6F1CBB388300033505 /* ViewController.swift in Sources */,
				2C53FE6D1CBB388300033505 /* AppDelegate.swift in Sources */,
				2C53FEA51CBB41BC00033505 /* Constant.swift in Sources */,
			);
			runOnlyForDeploymentPostprocessing = 0;
		};
		2C53FE791CBB388300033505 /* Sources */ = {
			isa = PBXSourcesBuildPhase;
			buildActionMask = 2147483647;
			files = (
				2C53FE821CBB388300033505 /* PocketCampusTests.swift in Sources */,
			);
			runOnlyForDeploymentPostprocessing = 0;
		};
		2C53FE841CBB388300033505 /* Sources */ = {
			isa = PBXSourcesBuildPhase;
			buildActionMask = 2147483647;
			files = (
				2C53FE8D1CBB388300033505 /* PocketCampusUITests.swift in Sources */,
			);
			runOnlyForDeploymentPostprocessing = 0;
		};
/* End PBXSourcesBuildPhase section */

/* Begin PBXTargetDependency section */
		2C53FE7F1CBB388300033505 /* PBXTargetDependency */ = {
			isa = PBXTargetDependency;
			target = 2C53FE681CBB388300033505 /* PocketCampus */;
			targetProxy = 2C53FE7E1CBB388300033505 /* PBXContainerItemProxy */;
		};
		2C53FE8A1CBB388300033505 /* PBXTargetDependency */ = {
			isa = PBXTargetDependency;
			target = 2C53FE681CBB388300033505 /* PocketCampus */;
			targetProxy = 2C53FE891CBB388300033505 /* PBXContainerItemProxy */;
		};
/* End PBXTargetDependency section */

/* Begin PBXVariantGroup section */
		2C53FE701CBB388300033505 /* Main.storyboard */ = {
			isa = PBXVariantGroup;
			children = (
				2C53FE711CBB388300033505 /* Base */,
			);
			name = Main.storyboard;
			sourceTree = "<group>";
		};
		2C53FE751CBB388300033505 /* LaunchScreen.storyboard */ = {
			isa = PBXVariantGroup;
			children = (
				2C53FE761CBB388300033505 /* Base */,
			);
			name = LaunchScreen.storyboard;
			sourceTree = "<group>";
		};
		2C53FEA61CBB557F00033505 /* Playground.storyboard */ = {
			isa = PBXVariantGroup;
			children = (
				2C53FEA71CBB557F00033505 /* Base */,
			);
			name = Playground.storyboard;
			sourceTree = "<group>";
		};
/* End PBXVariantGroup section */

/* Begin XCBuildConfiguration section */
		2C53FE8F1CBB388300033505 /* Debug */ = {
			isa = XCBuildConfiguration;
			buildSettings = {
				ALWAYS_SEARCH_USER_PATHS = NO;
				CLANG_ANALYZER_NONNULL = YES;
				CLANG_CXX_LANGUAGE_STANDARD = "gnu++0x";
				CLANG_CXX_LIBRARY = "libc++";
				CLANG_ENABLE_MODULES = YES;
				CLANG_ENABLE_OBJC_ARC = YES;
				CLANG_WARN_BOOL_CONVERSION = YES;
				CLANG_WARN_CONSTANT_CONVERSION = YES;
				CLANG_WARN_DIRECT_OBJC_ISA_USAGE = YES_ERROR;
				CLANG_WARN_EMPTY_BODY = YES;
				CLANG_WARN_ENUM_CONVERSION = YES;
				CLANG_WARN_INT_CONVERSION = YES;
				CLANG_WARN_OBJC_ROOT_CLASS = YES_ERROR;
				CLANG_WARN_UNREACHABLE_CODE = YES;
				CLANG_WARN__DUPLICATE_METHOD_MATCH = YES;
				"CODE_SIGN_IDENTITY[sdk=iphoneos*]" = "iPhone Developer";
				COPY_PHASE_STRIP = NO;
				DEBUG_INFORMATION_FORMAT = dwarf;
				ENABLE_STRICT_OBJC_MSGSEND = YES;
				ENABLE_TESTABILITY = YES;
				GCC_C_LANGUAGE_STANDARD = gnu99;
				GCC_DYNAMIC_NO_PIC = NO;
				GCC_NO_COMMON_BLOCKS = YES;
				GCC_OPTIMIZATION_LEVEL = 0;
				GCC_PREPROCESSOR_DEFINITIONS = (
					"DEBUG=1",
					"$(inherited)",
				);
				GCC_WARN_64_TO_32_BIT_CONVERSION = YES;
				GCC_WARN_ABOUT_RETURN_TYPE = YES_ERROR;
				GCC_WARN_UNDECLARED_SELECTOR = YES;
				GCC_WARN_UNINITIALIZED_AUTOS = YES_AGGRESSIVE;
				GCC_WARN_UNUSED_FUNCTION = YES;
				GCC_WARN_UNUSED_VARIABLE = YES;
				IPHONEOS_DEPLOYMENT_TARGET = 9.3;
				MTL_ENABLE_DEBUG_INFO = YES;
				ONLY_ACTIVE_ARCH = YES;
				SDKROOT = iphoneos;
				SWIFT_OPTIMIZATION_LEVEL = "-Onone";
				TARGETED_DEVICE_FAMILY = "1,2";
			};
			name = Debug;
		};
		2C53FE901CBB388300033505 /* Release */ = {
			isa = XCBuildConfiguration;
			buildSettings = {
				ALWAYS_SEARCH_USER_PATHS = NO;
				CLANG_ANALYZER_NONNULL = YES;
				CLANG_CXX_LANGUAGE_STANDARD = "gnu++0x";
				CLANG_CXX_LIBRARY = "libc++";
				CLANG_ENABLE_MODULES = YES;
				CLANG_ENABLE_OBJC_ARC = YES;
				CLANG_WARN_BOOL_CONVERSION = YES;
				CLANG_WARN_CONSTANT_CONVERSION = YES;
				CLANG_WARN_DIRECT_OBJC_ISA_USAGE = YES_ERROR;
				CLANG_WARN_EMPTY_BODY = YES;
				CLANG_WARN_ENUM_CONVERSION = YES;
				CLANG_WARN_INT_CONVERSION = YES;
				CLANG_WARN_OBJC_ROOT_CLASS = YES_ERROR;
				CLANG_WARN_UNREACHABLE_CODE = YES;
				CLANG_WARN__DUPLICATE_METHOD_MATCH = YES;
				"CODE_SIGN_IDENTITY[sdk=iphoneos*]" = "iPhone Developer";
				COPY_PHASE_STRIP = NO;
				DEBUG_INFORMATION_FORMAT = "dwarf-with-dsym";
				ENABLE_NS_ASSERTIONS = NO;
				ENABLE_STRICT_OBJC_MSGSEND = YES;
				GCC_C_LANGUAGE_STANDARD = gnu99;
				GCC_NO_COMMON_BLOCKS = YES;
				GCC_WARN_64_TO_32_BIT_CONVERSION = YES;
				GCC_WARN_ABOUT_RETURN_TYPE = YES_ERROR;
				GCC_WARN_UNDECLARED_SELECTOR = YES;
				GCC_WARN_UNINITIALIZED_AUTOS = YES_AGGRESSIVE;
				GCC_WARN_UNUSED_FUNCTION = YES;
				GCC_WARN_UNUSED_VARIABLE = YES;
				IPHONEOS_DEPLOYMENT_TARGET = 9.3;
				MTL_ENABLE_DEBUG_INFO = NO;
				SDKROOT = iphoneos;
				TARGETED_DEVICE_FAMILY = "1,2";
				VALIDATE_PRODUCT = YES;
			};
			name = Release;
		};
		2C53FE921CBB388300033505 /* Debug */ = {
			isa = XCBuildConfiguration;
			buildSettings = {
				ASSETCATALOG_COMPILER_APPICON_NAME = AppIcon;
				INFOPLIST_FILE = PocketCampus/Info.plist;
				LD_RUNPATH_SEARCH_PATHS = "$(inherited) @executable_path/Frameworks";
				PRODUCT_BUNDLE_IDENTIFIER = szu.edu.cn.PocketCampus;
				PRODUCT_NAME = "$(TARGET_NAME)";
			};
			name = Debug;
		};
		2C53FE931CBB388300033505 /* Release */ = {
			isa = XCBuildConfiguration;
			buildSettings = {
				ASSETCATALOG_COMPILER_APPICON_NAME = AppIcon;
				INFOPLIST_FILE = PocketCampus/Info.plist;
				LD_RUNPATH_SEARCH_PATHS = "$(inherited) @executable_path/Frameworks";
				PRODUCT_BUNDLE_IDENTIFIER = szu.edu.cn.PocketCampus;
				PRODUCT_NAME = "$(TARGET_NAME)";
			};
			name = Release;
		};
		2C53FE951CBB388300033505 /* Debug */ = {
			isa = XCBuildConfiguration;
			buildSettings = {
				BUNDLE_LOADER = "$(TEST_HOST)";
				INFOPLIST_FILE = PocketCampusTests/Info.plist;
				LD_RUNPATH_SEARCH_PATHS = "$(inherited) @executable_path/Frameworks @loader_path/Frameworks";
				PRODUCT_BUNDLE_IDENTIFIER = szu.edu.cn.PocketCampusTests;
				PRODUCT_NAME = "$(TARGET_NAME)";
				TEST_HOST = "$(BUILT_PRODUCTS_DIR)/PocketCampus.app/PocketCampus";
			};
			name = Debug;
		};
		2C53FE961CBB388300033505 /* Release */ = {
			isa = XCBuildConfiguration;
			buildSettings = {
				BUNDLE_LOADER = "$(TEST_HOST)";
				INFOPLIST_FILE = PocketCampusTests/Info.plist;
				LD_RUNPATH_SEARCH_PATHS = "$(inherited) @executable_path/Frameworks @loader_path/Frameworks";
				PRODUCT_BUNDLE_IDENTIFIER = szu.edu.cn.PocketCampusTests;
				PRODUCT_NAME = "$(TARGET_NAME)";
				TEST_HOST = "$(BUILT_PRODUCTS_DIR)/PocketCampus.app/PocketCampus";
			};
			name = Release;
		};
		2C53FE981CBB388300033505 /* Debug */ = {
			isa = XCBuildConfiguration;
			buildSettings = {
				INFOPLIST_FILE = PocketCampusUITests/Info.plist;
				LD_RUNPATH_SEARCH_PATHS = "$(inherited) @executable_path/Frameworks @loader_path/Frameworks";
				PRODUCT_BUNDLE_IDENTIFIER = szu.edu.cn.PocketCampusUITests;
				PRODUCT_NAME = "$(TARGET_NAME)";
				TEST_TARGET_NAME = PocketCampus;
			};
			name = Debug;
		};
		2C53FE991CBB388300033505 /* Release */ = {
			isa = XCBuildConfiguration;
			buildSettings = {
				INFOPLIST_FILE = PocketCampusUITests/Info.plist;
				LD_RUNPATH_SEARCH_PATHS = "$(inherited) @executable_path/Frameworks @loader_path/Frameworks";
				PRODUCT_BUNDLE_IDENTIFIER = szu.edu.cn.PocketCampusUITests;
				PRODUCT_NAME = "$(TARGET_NAME)";
				TEST_TARGET_NAME = PocketCampus;
			};
			name = Release;
		};
/* End XCBuildConfiguration section */

/* Begin XCConfigurationList section */
		2C53FE641CBB388300033505 /* Build configuration list for PBXProject "PocketCampus" */ = {
			isa = XCConfigurationList;
			buildConfigurations = (
				2C53FE8F1CBB388300033505 /* Debug */,
				2C53FE901CBB388300033505 /* Release */,
			);
			defaultConfigurationIsVisible = 0;
			defaultConfigurationName = Release;
		};
		2C53FE911CBB388300033505 /* Build configuration list for PBXNativeTarget "PocketCampus" */ = {
			isa = XCConfigurationList;
			buildConfigurations = (
				2C53FE921CBB388300033505 /* Debug */,
				2C53FE931CBB388300033505 /* Release */,
			);
			defaultConfigurationIsVisible = 0;
		};
		2C53FE941CBB388300033505 /* Build configuration list for PBXNativeTarget "PocketCampusTests" */ = {
			isa = XCConfigurationList;
			buildConfigurations = (
				2C53FE951CBB388300033505 /* Debug */,
				2C53FE961CBB388300033505 /* Release */,
			);
			defaultConfigurationIsVisible = 0;
		};
		2C53FE971CBB388300033505 /* Build configuration list for PBXNativeTarget "PocketCampusUITests" */ = {
			isa = XCConfigurationList;
			buildConfigurations = (
				2C53FE981CBB388300033505 /* Debug */,
				2C53FE991CBB388300033505 /* Release */,
			);
			defaultConfigurationIsVisible = 0;
		};
/* End XCConfigurationList section */
	};
	rootObject = 2C53FE611CBB388300033505 /* Project object */;
}
